
Microsoft Visual Studio Solution File, Format Version 12.00
# Visual Studio Version 17
VisualStudioVersion = 17.14.36414.22 d17.14
MinimumVisualStudioVersion = 10.0.40219.1
Project("{FAE04EC0-301F-11D3-BF4B-00C04F79EFBC}") = "Atomic.Ring.CPU.SCU", "Atomic.Ring.CPU.SCU\Atomic.Ring.CPU.SCU.csproj", "{57C5DF38-A4EA-40BE-8746-6DAB7812E0BE}"
EndProject
Global
	GlobalSection(SolutionConfigurationPlatforms) = preSolution
		Debug|Any CPU = Debug|Any CPU
		Release|Any CPU = Release|Any CPU
	EndGlobalSection
	GlobalSection(ProjectConfigurationPlatforms) = postSolution
		{57C5DF38-A4EA-40BE-8746-6DAB7812E0BE}.Debug|Any CPU.ActiveCfg = Debug|Any CPU
		{57C5DF38-A4EA-40BE-8746-6DAB7812E0BE}.Debug|Any CPU.Build.0 = Debug|Any CPU
		{57C5DF38-A4EA-40BE-8746-6DAB7812E0BE}.Release|Any CPU.ActiveCfg = Release|Any CPU
		{57C5DF38-A4EA-40BE-8746-6DAB7812E0BE}.Release|Any CPU.Build.0 = Release|Any CPU
	EndGlobalSection
	GlobalSection(SolutionProperties) = preSolution
		HideSolutionNode = FALSE
	EndGlobalSection
	GlobalSection(ExtensibilityGlobals) = postSolution
		SolutionGuid = {252B27B7-4E86-45FC-8E7D-58CD7D5222A5}
	EndGlobalSection
EndGlobal
