
Microsoft Visual Studio Solution File, Format Version 12.00
# Visual Studio Version 17
VisualStudioVersion = 17.14.36414.22 d17.14
MinimumVisualStudioVersion = 10.0.40219.1
Project("{FAE04EC0-301F-11D3-BF4B-00C04F79EFBC}") = "Benchmarks", "Benchmarks\Benchmarks.csproj", "{41A36FFE-04C7-4D2D-B27E-88B1074B462E}"
EndProject
Project("{FAE04EC0-301F-11D3-BF4B-00C04F79EFBC}") = "Atomic.Ring.CPU.SCU", "..\Atomic.Ring.CPU.SCU\Atomic.Ring.CPU.SCU.csproj", "{6218C8A4-7388-C7E2-E8E3-68DDB1B319BD}"
EndProject
Global
	GlobalSection(SolutionConfigurationPlatforms) = preSolution
		Debug|Any CPU = Debug|Any CPU
		Release|Any CPU = Release|Any CPU
	EndGlobalSection
	GlobalSection(ProjectConfigurationPlatforms) = postSolution
		{41A36FFE-04C7-4D2D-B27E-88B1074B462E}.Debug|Any CPU.ActiveCfg = Debug|Any CPU
		{41A36FFE-04C7-4D2D-B27E-88B1074B462E}.Debug|Any CPU.Build.0 = Debug|Any CPU
		{41A36FFE-04C7-4D2D-B27E-88B1074B462E}.Release|Any CPU.ActiveCfg = Release|Any CPU
		{41A36FFE-04C7-4D2D-B27E-88B1074B462E}.Release|Any CPU.Build.0 = Release|Any CPU
		{6218C8A4-7388-C7E2-E8E3-68DDB1B319BD}.Debug|Any CPU.ActiveCfg = Debug|Any CPU
		{6218C8A4-7388-C7E2-E8E3-68DDB1B319BD}.Debug|Any CPU.Build.0 = Debug|Any CPU
		{6218C8A4-7388-C7E2-E8E3-68DDB1B319BD}.Release|Any CPU.ActiveCfg = Release|Any CPU
		{6218C8A4-7388-C7E2-E8E3-68DDB1B319BD}.Release|Any CPU.Build.0 = Release|Any CPU
	EndGlobalSection
	GlobalSection(SolutionProperties) = preSolution
		HideSolutionNode = FALSE
	EndGlobalSection
	GlobalSection(ExtensibilityGlobals) = postSolution
		SolutionGuid = {1D6FAF8D-98A5-47A9-A096-540417D60F26}
	EndGlobalSection
EndGlobal
